
Microsoft Visual Studio Solution File, Format Version 12.00
# Visual Studio Version 16
VisualStudioVersion = 16.0.32602.291
MinimumVisualStudioVersion = 10.0.40219.1
Project("{FAE04EC0-301F-11D3-BF4B-00C04F79EFBC}") = "ZOHOAPI", "ALHMobileAppAPI\ZOHOAPI.csproj", "{DE010B01-6286-4E29-83C3-F1CAEC3E43E0}"
EndProject
Project("{9A19103F-16F7-4668-BE54-9A1E7A4F7556}") = "ALH.Common", "ALH.Common\ALH.Common.csproj", "{644A81E1-2D8C-4737-BD71-9B5889B1B50B}"
EndProject
Global
	GlobalSection(SolutionConfigurationPlatforms) = preSolution
		Debug|Any CPU = Debug|Any CPU
		Release|Any CPU = Release|Any CPU
	EndGlobalSection
	GlobalSection(ProjectConfigurationPlatforms) = postSolution
		{DE010B01-6286-4E29-83C3-F1CAEC3E43E0}.Debug|Any CPU.ActiveCfg = Debug|Any CPU
		{DE010B01-6286-4E29-83C3-F1CAEC3E43E0}.Debug|Any CPU.Build.0 = Debug|Any CPU
		{DE010B01-6286-4E29-83C3-F1CAEC3E43E0}.Release|Any CPU.ActiveCfg = Release|Any CPU
		{DE010B01-6286-4E29-83C3-F1CAEC3E43E0}.Release|Any CPU.Build.0 = Release|Any CPU
		{644A81E1-2D8C-4737-BD71-9B5889B1B50B}.Debug|Any CPU.ActiveCfg = Debug|Any CPU
		{644A81E1-2D8C-4737-BD71-9B5889B1B50B}.Debug|Any CPU.Build.0 = Debug|Any CPU
		{644A81E1-2D8C-4737-BD71-9B5889B1B50B}.Release|Any CPU.ActiveCfg = Release|Any CPU
		{644A81E1-2D8C-4737-BD71-9B5889B1B50B}.Release|Any CPU.Build.0 = Release|Any CPU
	EndGlobalSection
	GlobalSection(SolutionProperties) = preSolution
		HideSolutionNode = FALSE
	EndGlobalSection
	GlobalSection(ExtensibilityGlobals) = postSolution
		SolutionGuid = {AE531413-B1F0-45E4-9574-29A2FC65EA36}
	EndGlobalSection
EndGlobal
